// !$*UTF8*$!
{
	archiveVersion = 1;
	classes = {
	};
	objectVersion = 51;
	objects = {

/* Begin PBXBuildFile section */
		98281BA2257F20630051CA54 /* ChatSignUpViewController.swift in Sources */ = {isa = PBXBuildFile; fileRef = 98281BA1257F20630051CA54 /* ChatSignUpViewController.swift */; };
		98281BA5257F208B0051CA54 /* ChatLogInViewController.swift in Sources */ = {isa = PBXBuildFile; fileRef = 98281BA4257F208B0051CA54 /* ChatLogInViewController.swift */; };
		98281BA9258115F90051CA54 /* ChatMainViewController.swift in Sources */ = {isa = PBXBuildFile; fileRef = 98281BA8258115F90051CA54 /* ChatMainViewController.swift */; };
		983DB943258A5D770017DAB4 /* DrawMessageAngle.swift in Sources */ = {isa = PBXBuildFile; fileRef = 983DB942258A5D770017DAB4 /* DrawMessageAngle.swift */; };
		9848E645257A2E770015107D /* CurrencyViewController.swift in Sources */ = {isa = PBXBuildFile; fileRef = 9848E644257A2E770015107D /* CurrencyViewController.swift */; };
		9848E648257A96CA0015107D /* CurrencyInfo.swift in Sources */ = {isa = PBXBuildFile; fileRef = 9848E647257A96CA0015107D /* CurrencyInfo.swift */; };
		9848E656257F11B10015107D /* ChatHomeViewController.swift in Sources */ = {isa = PBXBuildFile; fileRef = 9848E655257F11B00015107D /* ChatHomeViewController.swift */; };
		9852432B25870A3100FC6443 /* Message.swift in Sources */ = {isa = PBXBuildFile; fileRef = 9852432A25870A3100FC6443 /* Message.swift */; };
		9857819225884E4600D6E3C4 /* MessageSelfTextCell.swift in Sources */ = {isa = PBXBuildFile; fileRef = 9857819025884E4600D6E3C4 /* MessageSelfTextCell.swift */; };
		9857819325884E4600D6E3C4 /* MessageSelfTextCell.xib in Resources */ = {isa = PBXBuildFile; fileRef = 9857819125884E4600D6E3C4 /* MessageSelfTextCell.xib */; };
		989943D02589AEC3001D9980 /* MessageOtherTextCell.swift in Sources */ = {isa = PBXBuildFile; fileRef = 989943CE2589AEC3001D9980 /* MessageOtherTextCell.swift */; };
		989943D12589AEC3001D9980 /* MessageOtherTextCell.xib in Resources */ = {isa = PBXBuildFile; fileRef = 989943CF2589AEC3001D9980 /* MessageOtherTextCell.xib */; };
		989B8D0A256A07A3005C3661 /* DrawMentori.swift in Sources */ = {isa = PBXBuildFile; fileRef = 989B8D09256A07A3005C3661 /* DrawMentori.swift */; };
		989B8D11256A1054005C3661 /* SwiftUIViewController.swift in Sources */ = {isa = PBXBuildFile; fileRef = 989B8D10256A1054005C3661 /* SwiftUIViewController.swift */; };
		989B8D17256BA1CB005C3661 /* DrawChika.swift in Sources */ = {isa = PBXBuildFile; fileRef = 989B8D16256BA1CA005C3661 /* DrawChika.swift */; };
		989B8D1B256F941A005C3661 /* BMIViewController.swift in Sources */ = {isa = PBXBuildFile; fileRef = 989B8D1A256F941A005C3661 /* BMIViewController.swift */; };
		989B8D1F256FAC31005C3661 /* ResultBMIViewController.swift in Sources */ = {isa = PBXBuildFile; fileRef = 989B8D1E256FAC31005C3661 /* ResultBMIViewController.swift */; };
		989B8D252570EC85005C3661 /* PeopleInformation.swift in Sources */ = {isa = PBXBuildFile; fileRef = 989B8D242570EC85005C3661 /* PeopleInformation.swift */; };
		98A264DA255944DE0095A7C9 /* AppDelegate.swift in Sources */ = {isa = PBXBuildFile; fileRef = 98A264D9255944DE0095A7C9 /* AppDelegate.swift */; };
		98A264DC255944DE0095A7C9 /* SceneDelegate.swift in Sources */ = {isa = PBXBuildFile; fileRef = 98A264DB255944DE0095A7C9 /* SceneDelegate.swift */; };
		98A264DE255944DE0095A7C9 /* ViewController.swift in Sources */ = {isa = PBXBuildFile; fileRef = 98A264DD255944DE0095A7C9 /* ViewController.swift */; };
		98A264E1255944DE0095A7C9 /* Main.storyboard in Resources */ = {isa = PBXBuildFile; fileRef = 98A264DF255944DE0095A7C9 /* Main.storyboard */; };
		98A264E3255944DE0095A7C9 /* Assets.xcassets in Resources */ = {isa = PBXBuildFile; fileRef = 98A264E2255944DE0095A7C9 /* Assets.xcassets */; };
		98A264E6255944DE0095A7C9 /* LaunchScreen.storyboard in Resources */ = {isa = PBXBuildFile; fileRef = 98A264E4255944DE0095A7C9 /* LaunchScreen.storyboard */; };
		98A66E882592EC1F003A6340 /* Firebase.swift in Sources */ = {isa = PBXBuildFile; fileRef = 98A66E872592EC1F003A6340 /* Firebase.swift */; };
		98A66E9A25938C1A003A6340 /* MessageGoodImgCell.swift in Sources */ = {isa = PBXBuildFile; fileRef = 98A66E9925938C1A003A6340 /* MessageGoodImgCell.swift */; };
		98ABC0922561F02B00A23C04 /* SwiftUIView.swift in Sources */ = {isa = PBXBuildFile; fileRef = 98ABC0912561F02B00A23C04 /* SwiftUIView.swift */; };
		98EB773F2584707D006A6086 /* GoogleService-Info.plist in Resources */ = {isa = PBXBuildFile; fileRef = 98EB773E2584707D006A6086 /* GoogleService-Info.plist */; };
		DB290A44B66DE4304E1E49FB /* Pods_EBookExample.framework in Frameworks */ = {isa = PBXBuildFile; fileRef = D3A21F55DF29EF1C401CAE7B /* Pods_EBookExample.framework */; };
/* End PBXBuildFile section */

/* Begin PBXFileReference section */
		036D703D5E4A4722815C0D99 /* Pods-EBookExample.debug.xcconfig */ = {isa = PBXFileReference; includeInIndex = 1; lastKnownFileType = text.xcconfig; name = "Pods-EBookExample.debug.xcconfig"; path = "Target Support Files/Pods-EBookExample/Pods-EBookExample.debug.xcconfig"; sourceTree = "<group>"; };
		96E71A4FCE24309332F30049 /* Pods-EBookExample.release.xcconfig */ = {isa = PBXFileReference; includeInIndex = 1; lastKnownFileType = text.xcconfig; name = "Pods-EBookExample.release.xcconfig"; path = "Target Support Files/Pods-EBookExample/Pods-EBookExample.release.xcconfig"; sourceTree = "<group>"; };
		98281BA1257F20630051CA54 /* ChatSignUpViewController.swift */ = {isa = PBXFileReference; lastKnownFileType = sourcecode.swift; path = ChatSignUpViewController.swift; sourceTree = "<group>"; };
		98281BA4257F208B0051CA54 /* ChatLogInViewController.swift */ = {isa = PBXFileReference; lastKnownFileType = sourcecode.swift; path = ChatLogInViewController.swift; sourceTree = "<group>"; };
		98281BA8258115F90051CA54 /* ChatMainViewController.swift */ = {isa = PBXFileReference; lastKnownFileType = sourcecode.swift; path = ChatMainViewController.swift; sourceTree = "<group>"; };
		983DB942258A5D770017DAB4 /* DrawMessageAngle.swift */ = {isa = PBXFileReference; lastKnownFileType = sourcecode.swift; path = DrawMessageAngle.swift; sourceTree = "<group>"; };
		9848E644257A2E770015107D /* CurrencyViewController.swift */ = {isa = PBXFileReference; lastKnownFileType = sourcecode.swift; path = CurrencyViewController.swift; sourceTree = "<group>"; };
		9848E647257A96CA0015107D /* CurrencyInfo.swift */ = {isa = PBXFileReference; lastKnownFileType = sourcecode.swift; path = CurrencyInfo.swift; sourceTree = "<group>"; };
		9848E655257F11B00015107D /* ChatHomeViewController.swift */ = {isa = PBXFileReference; lastKnownFileType = sourcecode.swift; path = ChatHomeViewController.swift; sourceTree = "<group>"; };
		9852432A25870A3100FC6443 /* Message.swift */ = {isa = PBXFileReference; lastKnownFileType = sourcecode.swift; path = Message.swift; sourceTree = "<group>"; };
		9857819025884E4600D6E3C4 /* MessageSelfTextCell.swift */ = {isa = PBXFileReference; lastKnownFileType = sourcecode.swift; path = MessageSelfTextCell.swift; sourceTree = "<group>"; };
		9857819125884E4600D6E3C4 /* MessageSelfTextCell.xib */ = {isa = PBXFileReference; lastKnownFileType = file.xib; path = MessageSelfTextCell.xib; sourceTree = "<group>"; };
		989943CE2589AEC3001D9980 /* MessageOtherTextCell.swift */ = {isa = PBXFileReference; lastKnownFileType = sourcecode.swift; path = MessageOtherTextCell.swift; sourceTree = "<group>"; };
		989943CF2589AEC3001D9980 /* MessageOtherTextCell.xib */ = {isa = PBXFileReference; lastKnownFileType = file.xib; path = MessageOtherTextCell.xib; sourceTree = "<group>"; };
		989B8D09256A07A3005C3661 /* DrawMentori.swift */ = {isa = PBXFileReference; lastKnownFileType = sourcecode.swift; path = DrawMentori.swift; sourceTree = "<group>"; };
		989B8D10256A1054005C3661 /* SwiftUIViewController.swift */ = {isa = PBXFileReference; lastKnownFileType = sourcecode.swift; path = SwiftUIViewController.swift; sourceTree = "<group>"; };
		989B8D16256BA1CA005C3661 /* DrawChika.swift */ = {isa = PBXFileReference; lastKnownFileType = sourcecode.swift; path = DrawChika.swift; sourceTree = "<group>"; };
		989B8D1A256F941A005C3661 /* BMIViewController.swift */ = {isa = PBXFileReference; lastKnownFileType = sourcecode.swift; path = BMIViewController.swift; sourceTree = "<group>"; };
		989B8D1E256FAC31005C3661 /* ResultBMIViewController.swift */ = {isa = PBXFileReference; lastKnownFileType = sourcecode.swift; path = ResultBMIViewController.swift; sourceTree = "<group>"; };
		989B8D242570EC85005C3661 /* PeopleInformation.swift */ = {isa = PBXFileReference; lastKnownFileType = sourcecode.swift; path = PeopleInformation.swift; sourceTree = "<group>"; };
		98A264D6255944DE0095A7C9 /* EBookExample.app */ = {isa = PBXFileReference; explicitFileType = wrapper.application; includeInIndex = 0; path = EBookExample.app; sourceTree = BUILT_PRODUCTS_DIR; };
		98A264D9255944DE0095A7C9 /* AppDelegate.swift */ = {isa = PBXFileReference; lastKnownFileType = sourcecode.swift; path = AppDelegate.swift; sourceTree = "<group>"; };
		98A264DB255944DE0095A7C9 /* SceneDelegate.swift */ = {isa = PBXFileReference; lastKnownFileType = sourcecode.swift; path = SceneDelegate.swift; sourceTree = "<group>"; };
		98A264DD255944DE0095A7C9 /* ViewController.swift */ = {isa = PBXFileReference; lastKnownFileType = sourcecode.swift; path = ViewController.swift; sourceTree = "<group>"; };
		98A264E0255944DE0095A7C9 /* Base */ = {isa = PBXFileReference; lastKnownFileType = file.storyboard; name = Base; path = Base.lproj/Main.storyboard; sourceTree = "<group>"; };
		98A264E2255944DE0095A7C9 /* Assets.xcassets */ = {isa = PBXFileReference; lastKnownFileType = folder.assetcatalog; path = Assets.xcassets; sourceTree = "<group>"; };
		98A264E5255944DE0095A7C9 /* Base */ = {isa = PBXFileReference; lastKnownFileType = file.storyboard; name = Base; path = Base.lproj/LaunchScreen.storyboard; sourceTree = "<group>"; };
		98A264E7255944DE0095A7C9 /* Info.plist */ = {isa = PBXFileReference; lastKnownFileType = text.plist.xml; path = Info.plist; sourceTree = "<group>"; };
		98A66E872592EC1F003A6340 /* Firebase.swift */ = {isa = PBXFileReference; lastKnownFileType = sourcecode.swift; path = Firebase.swift; sourceTree = "<group>"; };
		98A66E9925938C1A003A6340 /* MessageGoodImgCell.swift */ = {isa = PBXFileReference; lastKnownFileType = sourcecode.swift; path = MessageGoodImgCell.swift; sourceTree = "<group>"; };
		98ABC0912561F02B00A23C04 /* SwiftUIView.swift */ = {isa = PBXFileReference; lastKnownFileType = sourcecode.swift; path = SwiftUIView.swift; sourceTree = "<group>"; tabWidth = 4; };
		98EB773E2584707D006A6086 /* GoogleService-Info.plist */ = {isa = PBXFileReference; fileEncoding = 4; lastKnownFileType = text.plist.xml; path = "GoogleService-Info.plist"; sourceTree = "<group>"; };
		D3A21F55DF29EF1C401CAE7B /* Pods_EBookExample.framework */ = {isa = PBXFileReference; explicitFileType = wrapper.framework; includeInIndex = 0; path = Pods_EBookExample.framework; sourceTree = BUILT_PRODUCTS_DIR; };
/* End PBXFileReference section */

/* Begin PBXFrameworksBuildPhase section */
		98A264D3255944DE0095A7C9 /* Frameworks */ = {
			isa = PBXFrameworksBuildPhase;
			buildActionMask = 2147483647;
			files = (
				DB290A44B66DE4304E1E49FB /* Pods_EBookExample.framework in Frameworks */,
			);
			runOnlyForDeploymentPostprocessing = 0;
		};
/* End PBXFrameworksBuildPhase section */

/* Begin PBXGroup section */
		1A4F9189D6397E24D73223EC /* Frameworks */ = {
			isa = PBXGroup;
			children = (
				D3A21F55DF29EF1C401CAE7B /* Pods_EBookExample.framework */,
			);
			name = Frameworks;
			sourceTree = "<group>";
		};
		9848E654257F11740015107D /* Chat */ = {
			isa = PBXGroup;
			children = (
				9848E655257F11B00015107D /* ChatHomeViewController.swift */,
				98281BA1257F20630051CA54 /* ChatSignUpViewController.swift */,
				98281BA4257F208B0051CA54 /* ChatLogInViewController.swift */,
				98281BA8258115F90051CA54 /* ChatMainViewController.swift */,
			);
			path = Chat;
			sourceTree = "<group>";
		};
		9852433225884B8E00FC6443 /* Cell */ = {
			isa = PBXGroup;
			children = (
				9857819025884E4600D6E3C4 /* MessageSelfTextCell.swift */,
				9857819125884E4600D6E3C4 /* MessageSelfTextCell.xib */,
				989943CE2589AEC3001D9980 /* MessageOtherTextCell.swift */,
				989943CF2589AEC3001D9980 /* MessageOtherTextCell.xib */,
				983DB942258A5D770017DAB4 /* DrawMessageAngle.swift */,
				98A66E9925938C1A003A6340 /* MessageGoodImgCell.swift */,
			);
			path = Cell;
			sourceTree = "<group>";
		};
		989B8D0F256A0FA1005C3661 /* Controllers */ = {
			isa = PBXGroup;
			children = (
				9848E654257F11740015107D /* Chat */,
				98A264DD255944DE0095A7C9 /* ViewController.swift */,
				989B8D10256A1054005C3661 /* SwiftUIViewController.swift */,
				989B8D1A256F941A005C3661 /* BMIViewController.swift */,
				989B8D1E256FAC31005C3661 /* ResultBMIViewController.swift */,
				9848E644257A2E770015107D /* CurrencyViewController.swift */,
			);
			path = Controllers;
			sourceTree = "<group>";
		};
		989B8D232570EC64005C3661 /* Model */ = {
			isa = PBXGroup;
			children = (
				989B8D242570EC85005C3661 /* PeopleInformation.swift */,
				9848E647257A96CA0015107D /* CurrencyInfo.swift */,
				9852432A25870A3100FC6443 /* Message.swift */,
				98A66E872592EC1F003A6340 /* Firebase.swift */,
			);
			path = Model;
			sourceTree = "<group>";
		};
		98A264CD255944DD0095A7C9 = {
			isa = PBXGroup;
			children = (
				98A264D8255944DE0095A7C9 /* EBookExample */,
				98A264D7255944DE0095A7C9 /* Products */,
				E71C7C562454C37C953F8ECF /* Pods */,
				1A4F9189D6397E24D73223EC /* Frameworks */,
			);
			sourceTree = "<group>";
		};
		98A264D7255944DE0095A7C9 /* Products */ = {
			isa = PBXGroup;
			children = (
				98A264D6255944DE0095A7C9 /* EBookExample.app */,
			);
			name = Products;
			sourceTree = "<group>";
		};
		98A264D8255944DE0095A7C9 /* EBookExample */ = {
			isa = PBXGroup;
			children = (
				989B8D232570EC64005C3661 /* Model */,
				989B8D0F256A0FA1005C3661 /* Controllers */,
				98ABC0882561EDAC00A23C04 /* View */,
				98A264D9255944DE0095A7C9 /* AppDelegate.swift */,
				98A264DB255944DE0095A7C9 /* SceneDelegate.swift */,
				98A264E2255944DE0095A7C9 /* Assets.xcassets */,
				98A264E4255944DE0095A7C9 /* LaunchScreen.storyboard */,
				98A264E7255944DE0095A7C9 /* Info.plist */,
				98EB773E2584707D006A6086 /* GoogleService-Info.plist */,
			);
			path = EBookExample;
			sourceTree = "<group>";
		};
		98ABC0882561EDAC00A23C04 /* View */ = {
			isa = PBXGroup;
			children = (
				9852433225884B8E00FC6443 /* Cell */,
				98A264DF255944DE0095A7C9 /* Main.storyboard */,
				98ABC0912561F02B00A23C04 /* SwiftUIView.swift */,
				989B8D09256A07A3005C3661 /* DrawMentori.swift */,
				989B8D16256BA1CA005C3661 /* DrawChika.swift */,
			);
			path = View;
			sourceTree = "<group>";
		};
		E71C7C562454C37C953F8ECF /* Pods */ = {
			isa = PBXGroup;
			children = (
				036D703D5E4A4722815C0D99 /* Pods-EBookExample.debug.xcconfig */,
				96E71A4FCE24309332F30049 /* Pods-EBookExample.release.xcconfig */,
			);
			path = Pods;
			sourceTree = "<group>";
		};
/* End PBXGroup section */

/* Begin PBXNativeTarget section */
		98A264D5255944DE0095A7C9 /* EBookExample */ = {
			isa = PBXNativeTarget;
			buildConfigurationList = 98A264EA255944DE0095A7C9 /* Build configuration list for PBXNativeTarget "EBookExample" */;
			buildPhases = (
				6A66D4EED29BEEB2C422838D /* [CP] Check Pods Manifest.lock */,
				98A264D2255944DE0095A7C9 /* Sources */,
				98A264D3255944DE0095A7C9 /* Frameworks */,
				98A264D4255944DE0095A7C9 /* Resources */,
				2325A81D731CC09613D45BFD /* [CP] Embed Pods Frameworks */,
			);
			buildRules = (
			);
			dependencies = (
			);
			name = EBookExample;
			productName = EBookExample;
			productReference = 98A264D6255944DE0095A7C9 /* EBookExample.app */;
			productType = "com.apple.product-type.application";
		};
/* End PBXNativeTarget section */

/* Begin PBXProject section */
		98A264CE255944DD0095A7C9 /* Project object */ = {
			isa = PBXProject;
			attributes = {
				LastSwiftUpdateCheck = 1210;
				LastUpgradeCheck = 1210;
				TargetAttributes = {
					98A264D5255944DE0095A7C9 = {
						CreatedOnToolsVersion = 12.1;
					};
				};
			};
			buildConfigurationList = 98A264D1255944DD0095A7C9 /* Build configuration list for PBXProject "EBookExample" */;
			compatibilityVersion = "Xcode 9.3";
			developmentRegion = en;
			hasScannedForEncodings = 0;
			knownRegions = (
				en,
				Base,
			);
			mainGroup = 98A264CD255944DD0095A7C9;
			productRefGroup = 98A264D7255944DE0095A7C9 /* Products */;
			projectDirPath = "";
			projectRoot = "";
			targets = (
				98A264D5255944DE0095A7C9 /* EBookExample */,
			);
		};
/* End PBXProject section */

/* Begin PBXResourcesBuildPhase section */
		98A264D4255944DE0095A7C9 /* Resources */ = {
			isa = PBXResourcesBuildPhase;
			buildActionMask = 2147483647;
			files = (
				98A264E6255944DE0095A7C9 /* LaunchScreen.storyboard in Resources */,
				98EB773F2584707D006A6086 /* GoogleService-Info.plist in Resources */,
				98A264E3255944DE0095A7C9 /* Assets.xcassets in Resources */,
				989943D12589AEC3001D9980 /* MessageOtherTextCell.xib in Resources */,
				9857819325884E4600D6E3C4 /* MessageSelfTextCell.xib in Resources */,
				98A264E1255944DE0095A7C9 /* Main.storyboard in Resources */,
			);
			runOnlyForDeploymentPostprocessing = 0;
		};
/* End PBXResourcesBuildPhase section */

/* Begin PBXShellScriptBuildPhase section */
		2325A81D731CC09613D45BFD /* [CP] Embed Pods Frameworks */ = {
			isa = PBXShellScriptBuildPhase;
			buildActionMask = 2147483647;
			files = (
			);
			inputFileListPaths = (
				"${PODS_ROOT}/Target Support Files/Pods-EBookExample/Pods-EBookExample-frameworks-${CONFIGURATION}-input-files.xcfilelist",
			);
			name = "[CP] Embed Pods Frameworks";
			outputFileListPaths = (
				"${PODS_ROOT}/Target Support Files/Pods-EBookExample/Pods-EBookExample-frameworks-${CONFIGURATION}-output-files.xcfilelist",
			);
			runOnlyForDeploymentPostprocessing = 0;
			shellPath = /bin/sh;
			shellScript = "\"${PODS_ROOT}/Target Support Files/Pods-EBookExample/Pods-EBookExample-frameworks.sh\"\n";
			showEnvVarsInLog = 0;
		};
		6A66D4EED29BEEB2C422838D /* [CP] Check Pods Manifest.lock */ = {
			isa = PBXShellScriptBuildPhase;
			buildActionMask = 2147483647;
			files = (
			);
			inputFileListPaths = (
			);
			inputPaths = (
				"${PODS_PODFILE_DIR_PATH}/Podfile.lock",
				"${PODS_ROOT}/Manifest.lock",
			);
			name = "[CP] Check Pods Manifest.lock";
			outputFileListPaths = (
			);
			outputPaths = (
				"$(DERIVED_FILE_DIR)/Pods-EBookExample-checkManifestLockResult.txt",
			);
			runOnlyForDeploymentPostprocessing = 0;
			shellPath = /bin/sh;
			shellScript = "diff \"${PODS_PODFILE_DIR_PATH}/Podfile.lock\" \"${PODS_ROOT}/Manifest.lock\" > /dev/null\nif [ $? != 0 ] ; then\n    # print error to STDERR\n    echo \"error: The sandbox is not in sync with the Podfile.lock. Run 'pod install' or update your CocoaPods installation.\" >&2\n    exit 1\nfi\n# This output is used by Xcode 'outputs' to avoid re-running this script phase.\necho \"SUCCESS\" > \"${SCRIPT_OUTPUT_FILE_0}\"\n";
			showEnvVarsInLog = 0;
		};
/* End PBXShellScriptBuildPhase section */

/* Begin PBXSourcesBuildPhase section */
		98A264D2255944DE0095A7C9 /* Sources */ = {
			isa = PBXSourcesBuildPhase;
			buildActionMask = 2147483647;
			files = (
				98A66E882592EC1F003A6340 /* Firebase.swift in Sources */,
				9848E648257A96CA0015107D /* CurrencyInfo.swift in Sources */,
				989B8D17256BA1CB005C3661 /* DrawChika.swift in Sources */,
				9857819225884E4600D6E3C4 /* MessageSelfTextCell.swift in Sources */,
				983DB943258A5D770017DAB4 /* DrawMessageAngle.swift in Sources */,
				989943D02589AEC3001D9980 /* MessageOtherTextCell.swift in Sources */,
				989B8D252570EC85005C3661 /* PeopleInformation.swift in Sources */,
				9852432B25870A3100FC6443 /* Message.swift in Sources */,
				989B8D1F256FAC31005C3661 /* ResultBMIViewController.swift in Sources */,
				98281BA5257F208B0051CA54 /* ChatLogInViewController.swift in Sources */,
				989B8D1B256F941A005C3661 /* BMIViewController.swift in Sources */,
				989B8D11256A1054005C3661 /* SwiftUIViewController.swift in Sources */,
				989B8D0A256A07A3005C3661 /* DrawMentori.swift in Sources */,
				98A264DE255944DE0095A7C9 /* ViewController.swift in Sources */,
				98281BA2257F20630051CA54 /* ChatSignUpViewController.swift in Sources */,
				98A264DA255944DE0095A7C9 /* AppDelegate.swift in Sources */,
				98A66E9A25938C1A003A6340 /* MessageGoodImgCell.swift in Sources */,
				98281BA9258115F90051CA54 /* ChatMainViewController.swift in Sources */,
				98ABC0922561F02B00A23C04 /* SwiftUIView.swift in Sources */,
				9848E645257A2E770015107D /* CurrencyViewController.swift in Sources */,
				9848E656257F11B10015107D /* ChatHomeViewController.swift in Sources */,
				98A264DC255944DE0095A7C9 /* SceneDelegate.swift in Sources */,
			);
			runOnlyForDeploymentPostprocessing = 0;
		};
/* End PBXSourcesBuildPhase section */

/* Begin PBXVariantGroup section */
		98A264DF255944DE0095A7C9 /* Main.storyboard */ = {
			isa = PBXVariantGroup;
			children = (
				98A264E0255944DE0095A7C9 /* Base */,
			);
			name = Main.storyboard;
			sourceTree = "<group>";
		};
		98A264E4255944DE0095A7C9 /* LaunchScreen.storyboard */ = {
			isa = PBXVariantGroup;
			children = (
				98A264E5255944DE0095A7C9 /* Base */,
			);
			name = LaunchScreen.storyboard;
			sourceTree = "<group>";
		};
/* End PBXVariantGroup section */

/* Begin XCBuildConfiguration section */
		98A264E8255944DE0095A7C9 /* Debug */ = {
			isa = XCBuildConfiguration;
			buildSettings = {
				ALWAYS_SEARCH_USER_PATHS = NO;
				CLANG_ANALYZER_NONNULL = YES;
				CLANG_ANALYZER_NUMBER_OBJECT_CONVERSION = YES_AGGRESSIVE;
				CLANG_CXX_LANGUAGE_STANDARD = "gnu++14";
				CLANG_CXX_LIBRARY = "libc++";
				CLANG_ENABLE_MODULES = YES;
				CLANG_ENABLE_OBJC_ARC = YES;
				CLANG_ENABLE_OBJC_WEAK = YES;
				CLANG_WARN_BLOCK_CAPTURE_AUTORELEASING = YES;
				CLANG_WARN_BOOL_CONVERSION = YES;
				CLANG_WARN_COMMA = YES;
				CLANG_WARN_CONSTANT_CONVERSION = YES;
				CLANG_WARN_DEPRECATED_OBJC_IMPLEMENTATIONS = YES;
				CLANG_WARN_DIRECT_OBJC_ISA_USAGE = YES_ERROR;
				CLANG_WARN_DOCUMENTATION_COMMENTS = YES;
				CLANG_WARN_EMPTY_BODY = YES;
				CLANG_WARN_ENUM_CONVERSION = YES;
				CLANG_WARN_INFINITE_RECURSION = YES;
				CLANG_WARN_INT_CONVERSION = YES;
				CLANG_WARN_NON_LITERAL_NULL_CONVERSION = YES;
				CLANG_WARN_OBJC_IMPLICIT_RETAIN_SELF = YES;
				CLANG_WARN_OBJC_LITERAL_CONVERSION = YES;
				CLANG_WARN_OBJC_ROOT_CLASS = YES_ERROR;
				CLANG_WARN_QUOTED_INCLUDE_IN_FRAMEWORK_HEADER = YES;
				CLANG_WARN_RANGE_LOOP_ANALYSIS = YES;
				CLANG_WARN_STRICT_PROTOTYPES = YES;
				CLANG_WARN_SUSPICIOUS_MOVE = YES;
				CLANG_WARN_UNGUARDED_AVAILABILITY = YES_AGGRESSIVE;
				CLANG_WARN_UNREACHABLE_CODE = YES;
				CLANG_WARN__DUPLICATE_METHOD_MATCH = YES;
				COPY_PHASE_STRIP = NO;
				DEBUG_INFORMATION_FORMAT = dwarf;
				ENABLE_STRICT_OBJC_MSGSEND = YES;
				ENABLE_TESTABILITY = YES;
				GCC_C_LANGUAGE_STANDARD = gnu11;
				GCC_DYNAMIC_NO_PIC = NO;
				GCC_NO_COMMON_BLOCKS = YES;
				GCC_OPTIMIZATION_LEVEL = 0;
				GCC_PREPROCESSOR_DEFINITIONS = (
					"DEBUG=1",
					"$(inherited)",
				);
				GCC_WARN_64_TO_32_BIT_CONVERSION = YES;
				GCC_WARN_ABOUT_RETURN_TYPE = YES_ERROR;
				GCC_WARN_UNDECLARED_SELECTOR = YES;
				GCC_WARN_UNINITIALIZED_AUTOS = YES_AGGRESSIVE;
				GCC_WARN_UNUSED_FUNCTION = YES;
				GCC_WARN_UNUSED_VARIABLE = YES;
				IPHONEOS_DEPLOYMENT_TARGET = 14.3;
				MTL_ENABLE_DEBUG_INFO = INCLUDE_SOURCE;
				MTL_FAST_MATH = YES;
				ONLY_ACTIVE_ARCH = YES;
				SDKROOT = iphoneos;
				SWIFT_ACTIVE_COMPILATION_CONDITIONS = DEBUG;
				SWIFT_OPTIMIZATION_LEVEL = "-Onone";
			};
			name = Debug;
		};
		98A264E9255944DE0095A7C9 /* Release */ = {
			isa = XCBuildConfiguration;
			buildSettings = {
				ALWAYS_SEARCH_USER_PATHS = NO;
				CLANG_ANALYZER_NONNULL = YES;
				CLANG_ANALYZER_NUMBER_OBJECT_CONVERSION = YES_AGGRESSIVE;
				CLANG_CXX_LANGUAGE_STANDARD = "gnu++14";
				CLANG_CXX_LIBRARY = "libc++";
				CLANG_ENABLE_MODULES = YES;
				CLANG_ENABLE_OBJC_ARC = YES;
				CLANG_ENABLE_OBJC_WEAK = YES;
				CLANG_WARN_BLOCK_CAPTURE_AUTORELEASING = YES;
				CLANG_WARN_BOOL_CONVERSION = YES;
				CLANG_WARN_COMMA = YES;
				CLANG_WARN_CONSTANT_CONVERSION = YES;
				CLANG_WARN_DEPRECATED_OBJC_IMPLEMENTATIONS = YES;
				CLANG_WARN_DIRECT_OBJC_ISA_USAGE = YES_ERROR;
				CLANG_WARN_DOCUMENTATION_COMMENTS = YES;
				CLANG_WARN_EMPTY_BODY = YES;
				CLANG_WARN_ENUM_CONVERSION = YES;
				CLANG_WARN_INFINITE_RECURSION = YES;
				CLANG_WARN_INT_CONVERSION = YES;
				CLANG_WARN_NON_LITERAL_NULL_CONVERSION = YES;
				CLANG_WARN_OBJC_IMPLICIT_RETAIN_SELF = YES;
				CLANG_WARN_OBJC_LITERAL_CONVERSION = YES;
				CLANG_WARN_OBJC_ROOT_CLASS = YES_ERROR;
				CLANG_WARN_QUOTED_INCLUDE_IN_FRAMEWORK_HEADER = YES;
				CLANG_WARN_RANGE_LOOP_ANALYSIS = YES;
				CLANG_WARN_STRICT_PROTOTYPES = YES;
				CLANG_WARN_SUSPICIOUS_MOVE = YES;
				CLANG_WARN_UNGUARDED_AVAILABILITY = YES_AGGRESSIVE;
				CLANG_WARN_UNREACHABLE_CODE = YES;
				CLANG_WARN__DUPLICATE_METHOD_MATCH = YES;
				COPY_PHASE_STRIP = NO;
				DEBUG_INFORMATION_FORMAT = "dwarf-with-dsym";
				ENABLE_NS_ASSERTIONS = NO;
				ENABLE_STRICT_OBJC_MSGSEND = YES;
				GCC_C_LANGUAGE_STANDARD = gnu11;
				GCC_NO_COMMON_BLOCKS = YES;
				GCC_WARN_64_TO_32_BIT_CONVERSION = YES;
				GCC_WARN_ABOUT_RETURN_TYPE = YES_ERROR;
				GCC_WARN_UNDECLARED_SELECTOR = YES;
				GCC_WARN_UNINITIALIZED_AUTOS = YES_AGGRESSIVE;
				GCC_WARN_UNUSED_FUNCTION = YES;
				GCC_WARN_UNUSED_VARIABLE = YES;
				IPHONEOS_DEPLOYMENT_TARGET = 14.3;
				MTL_ENABLE_DEBUG_INFO = NO;
				MTL_FAST_MATH = YES;
				SDKROOT = iphoneos;
				SWIFT_COMPILATION_MODE = wholemodule;
				SWIFT_OPTIMIZATION_LEVEL = "-O";
				VALIDATE_PRODUCT = YES;
			};
			name = Release;
		};
		98A264EB255944DE0095A7C9 /* Debug */ = {
			isa = XCBuildConfiguration;
			baseConfigurationReference = 036D703D5E4A4722815C0D99 /* Pods-EBookExample.debug.xcconfig */;
			buildSettings = {
				ASSETCATALOG_COMPILER_APPICON_NAME = AppIcon;
				ASSETCATALOG_COMPILER_GLOBAL_ACCENT_COLOR_NAME = AccentColor;
				CODE_SIGN_STYLE = Automatic;
				DEVELOPMENT_TEAM = 397BR54R2Z;
				INFOPLIST_FILE = EBookExample/Info.plist;
				LD_RUNPATH_SEARCH_PATHS = (
					"$(inherited)",
					"@executable_path/Frameworks",
				);
				PRODUCT_BUNDLE_IDENTIFIER = com.ChangTingWei.EBookExample;
				PRODUCT_NAME = "$(TARGET_NAME)";
				SWIFT_VERSION = 5.0;
				TARGETED_DEVICE_FAMILY = "1,2";
			};
			name = Debug;
		};
		98A264EC255944DE0095A7C9 /* Release */ = {
			isa = XCBuildConfiguration;
			baseConfigurationReference = 96E71A4FCE24309332F30049 /* Pods-EBookExample.release.xcconfig */;
			buildSettings = {
				ASSETCATALOG_COMPILER_APPICON_NAME = AppIcon;
				ASSETCATALOG_COMPILER_GLOBAL_ACCENT_COLOR_NAME = AccentColor;
				CODE_SIGN_STYLE = Automatic;
				DEVELOPMENT_TEAM = 397BR54R2Z;
				INFOPLIST_FILE = EBookExample/Info.plist;
				LD_RUNPATH_SEARCH_PATHS = (
					"$(inherited)",
					"@executable_path/Frameworks",
				);
				PRODUCT_BUNDLE_IDENTIFIER = com.ChangTingWei.EBookExample;
				PRODUCT_NAME = "$(TARGET_NAME)";
				SWIFT_VERSION = 5.0;
				TARGETED_DEVICE_FAMILY = "1,2";
			};
			name = Release;
		};
/* End XCBuildConfiguration section */

/* Begin XCConfigurationList section */
		98A264D1255944DD0095A7C9 /* Build configuration list for PBXProject "EBookExample" */ = {
			isa = XCConfigurationList;
			buildConfigurations = (
				98A264E8255944DE0095A7C9 /* Debug */,
				98A264E9255944DE0095A7C9 /* Release */,
			);
			defaultConfigurationIsVisible = 0;
			defaultConfigurationName = Release;
		};
		98A264EA255944DE0095A7C9 /* Build configuration list for PBXNativeTarget "EBookExample" */ = {
			isa = XCConfigurationList;
			buildConfigurations = (
				98A264EB255944DE0095A7C9 /* Debug */,
				98A264EC255944DE0095A7C9 /* Release */,
			);
			defaultConfigurationIsVisible = 0;
			defaultConfigurationName = Release;
		};
/* End XCConfigurationList section */
	};
	rootObject = 98A264CE255944DD0095A7C9 /* Project object */;
}
